{
  "name": "ssrfcheck",
  "version": "1.0.0",
  "lockfileVersion": 3,
  "requires": true,
  "packages": {
    "": {
      "name": "ssrfcheck",
      "version": "1.0.0",
      "license": "ISC",
      "dependencies": {
        "is-loopback-addr": "^2.0.2",
        "private-ip": "^3.0.1"
      }
    },
    "node_modules/@chainsafe/is-ip": {
      "version": "2.0.2",
      "resolved": "https://registry.npmjs.org/@chainsafe/is-ip/-/is-ip-2.0.2.tgz",
      "integrity": "sha512-ndGqEMG1W5WkGagaqOZHpPU172AGdxr+LD15sv3WIUvT5oCFUrG1Y0CW/v2Egwj4JXEvSibaIIIqImsm98y1nA=="
    },
    "node_modules/ip-regex": {
      "version": "5.0.0",
      "resolved": "https://registry.npmjs.org/ip-regex/-/ip-regex-5.0.0.tgz",
      "integrity": "sha512-fOCG6lhoKKakwv+C6KdsOnGvgXnmgfmp0myi3bcNwj3qfwPAxRKWEuFhvEFF7ceYIz6+1jRZ+yguLFAmUNPEfw==",
      "engines": {
        "node": "^12.20.0 || ^14.13.1 || >=16.0.0"
      },
      "funding": {
        "url": "https://github.com/sponsors/sindresorhus"
      }
    },
    "node_modules/ipaddr.js": {
      "version": "2.1.0",
      "resolved": "https://registry.npmjs.org/ipaddr.js/-/ipaddr.js-2.1.0.tgz",
      "integrity": "sha512-LlbxQ7xKzfBusov6UMi4MFpEg0m+mAm9xyNGEduwXMEDuf4WfzB/RZwMVYEd7IKGvh4IUkEXYxtAVu9T3OelJQ==",
      "engines": {
        "node": ">= 10"
      }
    },
    "node_modules/is-loopback-addr": {
      "version": "2.0.2",
      "resolved": "https://registry.npmjs.org/is-loopback-addr/-/is-loopback-addr-2.0.2.tgz",
      "integrity": "sha512-26POf2KRCno/KTNL5Q0b/9TYnL00xEsSaLfiFRmjM7m7Lw7ZMmFybzzuX4CcsLAluZGd+niLUiMRxEooVE3aqg=="
    },
    "node_modules/netmask": {
      "version": "2.0.2",
      "resolved": "https://registry.npmjs.org/netmask/-/netmask-2.0.2.tgz",
      "integrity": "sha512-dBpDMdxv9Irdq66304OLfEmQ9tbNRFnFTuZiLo+bD+r332bBmMJ8GBLXklIXXgxd3+v9+KUnZaUR5PJMa75Gsg==",
      "engines": {
        "node": ">= 0.4.0"
      }
    },
    "node_modules/private-ip": {
      "version": "3.0.1",
      "resolved": "https://registry.npmjs.org/private-ip/-/private-ip-3.0.1.tgz",
      "integrity": "sha512-Ezc16ANuhSHmWAE6lbXUKburNzGpR0J5X0Zh5Um/PZ/s57Fp+HYqYe6BYPH2QbqKr/5WebfzJQ1jq6Kj5dbRmA==",
      "dependencies": {
        "@chainsafe/is-ip": "^2.0.1",
        "ip-regex": "^5.0.0",
        "ipaddr.js": "^2.1.0",
        "netmask": "^2.0.2"
      },
      "engines": {
        "node": ">=14.16"
      }
    }
  }
}
